PackratFormat: 1.4
PackratVersion: 0.4.8.1
RVersion: 3.4.0
Repos: CRAN=https://cran.univ-paris1.fr

Package: RColorBrewer
Source: CRAN
Version: 1.1-2
Hash: c0d56cd15034f395874c870141870c25

Package: Rcpp
Source: CRAN
Version: 0.12.11
Hash: 2ee22f3b5e75dec80b1d8eca61cd96d8

Package: RgoogleMaps
Source: CRAN
Version: 1.4.1
Hash: 3310ba24c8436b297d1fb60ac4324ff2
Requires: png

Package: assertthat
Source: CRAN
Version: 0.2.0
Hash: e8805df54c65ac96d50235c44a82615c

Package: backports
Source: CRAN
Version: 1.1.0

Package: base64enc
Source: CRAN
Version: 0.1-3

Package: bitops
Source: CRAN
Version: 1.0-6

Package: caTools
Source: CRAN
Version: 1.17.1
Requires: bitops

Package: colorspace
Source: CRAN
Version: 1.3-2
Hash: 0bf8618b585fa98eb23414cd3ab95118

Package: dichromat
Source: CRAN
Version: 2.0-0
Hash: 08eed0c80510af29bb15f840ccfe37ce

Package: digest
Source: CRAN
Version: 0.6.12
Hash: e53fb8c58673df868183697e39a6a4d6

Package: evaluate
Source: CRAN
Version: 0.10
Hash: c3601a10c987d439e0c63ec635234a76
Requires: stringr

Package: geosphere
Source: CRAN
Version: 1.5-5
Hash: 6772bef0f3f3aaa58b475479c03ff596
Requires: sp

Package: ggmap
Source: CRAN
Version: 2.6.1
Hash: 3e5545418aab1ad8e47c218236dd4f0b
Requires: RgoogleMaps, digest, geosphere, ggplot2, jpeg, mapproj, plyr,
    png, proto, reshape2, rjson, scales

Package: ggplot2
Source: CRAN
Version: 2.2.1
Hash: 46e5cb78836848aa44655e577433f54b
Requires: digest, gtable, lazyeval, plyr, reshape2, scales, tibble

Package: gtable
Source: CRAN
Version: 0.2.0
Hash: cd78381a9d3fea966ac39bd0daaf5554

Package: highr
Source: CRAN
Version: 0.6
Hash: aa3d5b7912b5fed4b546ed5cd2a1760b

Package: htmltools
Source: CRAN
Version: 0.3.6
Requires: Rcpp, digest

Package: jpeg
Source: CRAN
Version: 0.1-8
Hash: 189af3df9864c6aa8546033f08ba9358

Package: jsonlite
Source: CRAN
Version: 1.4

Package: knitr
Source: CRAN
Version: 1.16
Hash: 3b8dc00d51027c6d041d56bc92136452
Requires: digest, highr, yaml, markdown, stringr, evaluate

Package: labeling
Source: CRAN
Version: 0.3
Hash: ecf589b42cd284b03a4beb9665482d3e

Package: lazyeval
Source: CRAN
Version: 0.2.0
Hash: 3d6e7608e65bbf5cb170dab1e3c9ed8b

Package: magrittr
Source: CRAN
Version: 1.5
Hash: bdc4d48c3135e8f3b399536ddf160df4

Package: mapproj
Source: CRAN
Version: 1.2-4
Hash: e4c4eaf5289ffa74413a9cd71584cb1d
Requires: maps

Package: maps
Source: CRAN
Version: 3.1.1
Hash: 4a0a1b1764bfe2c41c6fc21790408caf

Package: markdown
Source: CRAN
Version: 0.8
Hash: 045d7c594d503b41f1c28946d076c8aa
Requires: mime

Package: mime
Source: CRAN
Version: 0.5
Hash: 463550cf44fb6f0a2359368f42eebe62

Package: munsell
Source: CRAN
Version: 0.4.3
Hash: f96d896947fcaf9b6d0074002e9f4f9d
Requires: colorspace

Package: packrat
Source: CRAN
Version: 0.4.8-1
Hash: 6ad605ba7b4b476d84be6632393f5765

Package: plyr
Source: CRAN
Version: 1.8.4
Hash: ec0683cf0ab5494db2eff1f31591624e
Requires: Rcpp

Package: png
Source: CRAN
Version: 0.1-7
Hash: 421d7d6e0fb4bd885ecbd909b6456b8b

Package: proto
Source: CRAN
Version: 1.0.0
Hash: f9a2528572320c1e0bc8783dfd6e0fae

Package: reshape2
Source: CRAN
Version: 1.4.2
Hash: 01fa9a6b3ead377e4fac84af9f982df9
Requires: Rcpp, plyr, stringr

Package: rjson
Source: CRAN
Version: 0.2.15
Hash: def074f38d0cff3b597649ee6f976128

Package: rlang
Source: CRAN
Version: 0.1.1
Hash: 86c53487ce7f82f0a7cc11c816060910

Package: rmarkdown
Source: CRAN
Version: 1.5
Requires: base64enc, jsonlite, yaml, rprojroot, caTools, htmltools,
    evaluate, knitr

Package: rprojroot
Source: CRAN
Version: 1.2
Requires: backports

Package: scales
Source: CRAN
Version: 0.4.1
Hash: 6368a3249d52d20b366191e9349690b6
Requires: RColorBrewer, Rcpp, dichromat, labeling, munsell, plyr

Package: sp
Source: CRAN
Version: 1.2-4
Hash: 4ffcf86fffee89e7b859f760528dd545

Package: stringi
Source: CRAN
Version: 1.1.5
Hash: b6308e49357a0b475f433599e0d8b5eb

Package: stringr
Source: CRAN
Version: 1.2.0
Hash: 25a86d7f410513ebb7c0bc6a5e16bdc3
Requires: magrittr, stringi

Package: tibble
Source: CRAN
Version: 1.3.1
Hash: 07704884dc23a81adf01659b2ceeb8db
Requires: Rcpp, assertthat, rlang

Package: yaml
Source: CRAN
Version: 2.1.14
Hash: c81230c3a7d9ba20607ad6b4331173d1
